
Microsoft Visual Studio Solution File, Format Version 12.00
# Visual Studio 14
VisualStudioVersion = 14.0.25420.1
MinimumVisualStudioVersion = 10.0.40219.1
Project("{FAE04EC0-301F-11D3-BF4B-00C04F79EFBC}") = "sx_log_generator", "sx_log_generator\sx_log_generator.csproj", "{9EBC64FF-FC10-4E54-B9A6-86261F2FF0C2}"
EndProject
Global
	GlobalSection(SolutionConfigurationPlatforms) = preSolution
		Debug|Any CPU = Debug|Any CPU
		Release|Any CPU = Release|Any CPU
	EndGlobalSection
	GlobalSection(ProjectConfigurationPlatforms) = postSolution
		{9EBC64FF-FC10-4E54-B9A6-86261F2FF0C2}.Debug|Any CPU.ActiveCfg = Debug|Any CPU
		{9EBC64FF-FC10-4E54-B9A6-86261F2FF0C2}.Debug|Any CPU.Build.0 = Debug|Any CPU
		{9EBC64FF-FC10-4E54-B9A6-86261F2FF0C2}.Release|Any CPU.ActiveCfg = Release|Any CPU
		{9EBC64FF-FC10-4E54-B9A6-86261F2FF0C2}.Release|Any CPU.Build.0 = Release|Any CPU
	EndGlobalSection
	GlobalSection(SolutionProperties) = preSolution
		HideSolutionNode = FALSE
	EndGlobalSection
EndGlobal
